// !$*UTF8*$!
{
	archiveVersion = 1;
	classes = {
	};
	objectVersion = 56;
	objects = {

/* Begin PBXBuildFile section */
		A7528E0C2BA141FC0020C92E /* LandmarksApp.swift in Sources */ = {isa = PBXBuildFile; fileRef = A7528E0B2BA141FC0020C92E /* LandmarksApp.swift */; };
		A7528E0E2BA141FC0020C92E /* ContentView.swift in Sources */ = {isa = PBXBuildFile; fileRef = A7528E0D2BA141FC0020C92E /* ContentView.swift */; };
		A7528E102BA141FD0020C92E /* Assets.xcassets in Resources */ = {isa = PBXBuildFile; fileRef = A7528E0F2BA141FD0020C92E /* Assets.xcassets */; };
		A7528E132BA141FD0020C92E /* Preview Assets.xcassets in Resources */ = {isa = PBXBuildFile; fileRef = A7528E122BA141FD0020C92E /* Preview Assets.xcassets */; };
		A7528E1A2BA145DF0020C92E /* CircleImage.swift in Sources */ = {isa = PBXBuildFile; fileRef = A7528E192BA145DF0020C92E /* CircleImage.swift */; };
		A7528E1C2BA146A60020C92E /* MapView.swift in Sources */ = {isa = PBXBuildFile; fileRef = A7528E1B2BA146A60020C92E /* MapView.swift */; };
		A7528E1E2BA149E30020C92E /* landmarkData.json in Resources */ = {isa = PBXBuildFile; fileRef = A7528E1D2BA149E30020C92E /* landmarkData.json */; };
		A7528E202BA14A0C0020C92E /* Landmark.swift in Sources */ = {isa = PBXBuildFile; fileRef = A7528E1F2BA14A0C0020C92E /* Landmark.swift */; };
		A7528E382BA14BA60020C92E /* ModelData.swift in Sources */ = {isa = PBXBuildFile; fileRef = A7528E372BA14BA60020C92E /* ModelData.swift */; };
		A7528E3D2BA14D8E0020C92E /* LandmarkRow.swift in Sources */ = {isa = PBXBuildFile; fileRef = A7528E3C2BA14D8E0020C92E /* LandmarkRow.swift */; };
		A7528E3F2BA155630020C92E /* LandmarkList.swift in Sources */ = {isa = PBXBuildFile; fileRef = A7528E3E2BA155630020C92E /* LandmarkList.swift */; };
		A7528E412BA156670020C92E /* LandmarkDetail.swift in Sources */ = {isa = PBXBuildFile; fileRef = A7528E402BA156670020C92E /* LandmarkDetail.swift */; };
/* End PBXBuildFile section */

/* Begin PBXFileReference section */
		A7528E082BA141FC0020C92E /* Landmarks.app */ = {isa = PBXFileReference; explicitFileType = wrapper.application; includeInIndex = 0; path = Landmarks.app; sourceTree = BUILT_PRODUCTS_DIR; };
		A7528E0B2BA141FC0020C92E /* LandmarksApp.swift */ = {isa = PBXFileReference; lastKnownFileType = sourcecode.swift; path = LandmarksApp.swift; sourceTree = "<group>"; };
		A7528E0D2BA141FC0020C92E /* ContentView.swift */ = {isa = PBXFileReference; lastKnownFileType = sourcecode.swift; path = ContentView.swift; sourceTree = "<group>"; };
		A7528E0F2BA141FD0020C92E /* Assets.xcassets */ = {isa = PBXFileReference; lastKnownFileType = folder.assetcatalog; path = Assets.xcassets; sourceTree = "<group>"; };
		A7528E122BA141FD0020C92E /* Preview Assets.xcassets */ = {isa = PBXFileReference; lastKnownFileType = folder.assetcatalog; path = "Preview Assets.xcassets"; sourceTree = "<group>"; };
		A7528E192BA145DF0020C92E /* CircleImage.swift */ = {isa = PBXFileReference; lastKnownFileType = sourcecode.swift; path = CircleImage.swift; sourceTree = "<group>"; };
		A7528E1B2BA146A60020C92E /* MapView.swift */ = {isa = PBXFileReference; lastKnownFileType = sourcecode.swift; path = MapView.swift; sourceTree = "<group>"; };
		A7528E1D2BA149E30020C92E /* landmarkData.json */ = {isa = PBXFileReference; fileEncoding = 4; lastKnownFileType = text.json; path = landmarkData.json; sourceTree = "<group>"; };
		A7528E1F2BA14A0C0020C92E /* Landmark.swift */ = {isa = PBXFileReference; lastKnownFileType = sourcecode.swift; path = Landmark.swift; sourceTree = "<group>"; };
		A7528E372BA14BA60020C92E /* ModelData.swift */ = {isa = PBXFileReference; lastKnownFileType = sourcecode.swift; path = ModelData.swift; sourceTree = "<group>"; };
		A7528E3C2BA14D8E0020C92E /* LandmarkRow.swift */ = {isa = PBXFileReference; lastKnownFileType = sourcecode.swift; path = LandmarkRow.swift; sourceTree = "<group>"; };
		A7528E3E2BA155630020C92E /* LandmarkList.swift */ = {isa = PBXFileReference; lastKnownFileType = sourcecode.swift; path = LandmarkList.swift; sourceTree = "<group>"; };
		A7528E402BA156670020C92E /* LandmarkDetail.swift */ = {isa = PBXFileReference; lastKnownFileType = sourcecode.swift; path = LandmarkDetail.swift; sourceTree = "<group>"; };
/* End PBXFileReference section */

/* Begin PBXFrameworksBuildPhase section */
		A7528E052BA141FC0020C92E /* Frameworks */ = {
			isa = PBXFrameworksBuildPhase;
			buildActionMask = 2147483647;
			files = (
			);
			runOnlyForDeploymentPostprocessing = 0;
		};
/* End PBXFrameworksBuildPhase section */

/* Begin PBXGroup section */
		A7528DFF2BA141FC0020C92E = {
			isa = PBXGroup;
			children = (
				A7528E0A2BA141FC0020C92E /* Landmarks */,
				A7528E092BA141FC0020C92E /* Products */,
			);
			sourceTree = "<group>";
		};
		A7528E092BA141FC0020C92E /* Products */ = {
			isa = PBXGroup;
			children = (
				A7528E082BA141FC0020C92E /* Landmarks.app */,
			);
			name = Products;
			sourceTree = "<group>";
		};
		A7528E0A2BA141FC0020C92E /* Landmarks */ = {
			isa = PBXGroup;
			children = (
				A7528E3B2BA14D2B0020C92E /* Model */,
				A7528E3A2BA14D190020C92E /* Resources */,
				A7528E392BA14D000020C92E /* View */,
				A7528E0B2BA141FC0020C92E /* LandmarksApp.swift */,
				A7528E0F2BA141FD0020C92E /* Assets.xcassets */,
				A7528E112BA141FD0020C92E /* Preview Content */,
			);
			path = Landmarks;
			sourceTree = "<group>";
		};
		A7528E112BA141FD0020C92E /* Preview Content */ = {
			isa = PBXGroup;
			children = (
				A7528E122BA141FD0020C92E /* Preview Assets.xcassets */,
			);
			path = "Preview Content";
			sourceTree = "<group>";
		};
		A7528E392BA14D000020C92E /* View */ = {
			isa = PBXGroup;
			children = (
				A7528E0D2BA141FC0020C92E /* ContentView.swift */,
				A7528E192BA145DF0020C92E /* CircleImage.swift */,
				A7528E1B2BA146A60020C92E /* MapView.swift */,
				A7528E3C2BA14D8E0020C92E /* LandmarkRow.swift */,
				A7528E3E2BA155630020C92E /* LandmarkList.swift */,
				A7528E402BA156670020C92E /* LandmarkDetail.swift */,
			);
			path = View;
			sourceTree = "<group>";
		};
		A7528E3A2BA14D190020C92E /* Resources */ = {
			isa = PBXGroup;
			children = (
				A7528E1D2BA149E30020C92E /* landmarkData.json */,
			);
			path = Resources;
			sourceTree = "<group>";
		};
		A7528E3B2BA14D2B0020C92E /* Model */ = {
			isa = PBXGroup;
			children = (
				A7528E1F2BA14A0C0020C92E /* Landmark.swift */,
				A7528E372BA14BA60020C92E /* ModelData.swift */,
			);
			path = Model;
			sourceTree = "<group>";
		};
/* End PBXGroup section */

/* Begin PBXNativeTarget section */
		A7528E072BA141FC0020C92E /* Landmarks */ = {
			isa = PBXNativeTarget;
			buildConfigurationList = A7528E162BA141FD0020C92E /* Build configuration list for PBXNativeTarget "Landmarks" */;
			buildPhases = (
				A7528E042BA141FC0020C92E /* Sources */,
				A7528E052BA141FC0020C92E /* Frameworks */,
				A7528E062BA141FC0020C92E /* Resources */,
			);
			buildRules = (
			);
			dependencies = (
			);
			name = Landmarks;
			productName = Landmarks;
			productReference = A7528E082BA141FC0020C92E /* Landmarks.app */;
			productType = "com.apple.product-type.application";
		};
/* End PBXNativeTarget section */

/* Begin PBXProject section */
		A7528E002BA141FC0020C92E /* Project object */ = {
			isa = PBXProject;
			attributes = {
				BuildIndependentTargetsInParallel = 1;
				LastSwiftUpdateCheck = 1530;
				LastUpgradeCheck = 1530;
				TargetAttributes = {
					A7528E072BA141FC0020C92E = {
						CreatedOnToolsVersion = 15.3;
					};
				};
			};
			buildConfigurationList = A7528E032BA141FC0020C92E /* Build configuration list for PBXProject "Landmarks" */;
			compatibilityVersion = "Xcode 14.0";
			developmentRegion = en;
			hasScannedForEncodings = 0;
			knownRegions = (
				en,
				Base,
			);
			mainGroup = A7528DFF2BA141FC0020C92E;
			productRefGroup = A7528E092BA141FC0020C92E /* Products */;
			projectDirPath = "";
			projectRoot = "";
			targets = (
				A7528E072BA141FC0020C92E /* Landmarks */,
			);
		};
/* End PBXProject section */

/* Begin PBXResourcesBuildPhase section */
		A7528E062BA141FC0020C92E /* Resources */ = {
			isa = PBXResourcesBuildPhase;
			buildActionMask = 2147483647;
			files = (
				A7528E132BA141FD0020C92E /* Preview Assets.xcassets in Resources */,
				A7528E102BA141FD0020C92E /* Assets.xcassets in Resources */,
				A7528E1E2BA149E30020C92E /* landmarkData.json in Resources */,
			);
			runOnlyForDeploymentPostprocessing = 0;
		};
/* End PBXResourcesBuildPhase section */

/* Begin PBXSourcesBuildPhase section */
		A7528E042BA141FC0020C92E /* Sources */ = {
			isa = PBXSourcesBuildPhase;
			buildActionMask = 2147483647;
			files = (
				A7528E0E2BA141FC0020C92E /* ContentView.swift in Sources */,
				A7528E1C2BA146A60020C92E /* MapView.swift in Sources */,
				A7528E412BA156670020C92E /* LandmarkDetail.swift in Sources */,
				A7528E0C2BA141FC0020C92E /* LandmarksApp.swift in Sources */,
				A7528E3F2BA155630020C92E /* LandmarkList.swift in Sources */,
				A7528E1A2BA145DF0020C92E /* CircleImage.swift in Sources */,
				A7528E202BA14A0C0020C92E /* Landmark.swift in Sources */,
				A7528E3D2BA14D8E0020C92E /* LandmarkRow.swift in Sources */,
				A7528E382BA14BA60020C92E /* ModelData.swift in Sources */,
			);
			runOnlyForDeploymentPostprocessing = 0;
		};
/* End PBXSourcesBuildPhase section */

/* Begin XCBuildConfiguration section */
		A7528E142BA141FD0020C92E /* Debug */ = {
			isa = XCBuildConfiguration;
			buildSettings = {
				ALWAYS_SEARCH_USER_PATHS = NO;
				ASSETCATALOG_COMPILER_GENERATE_SWIFT_ASSET_SYMBOL_EXTENSIONS = YES;
				CLANG_ANALYZER_NONNULL = YES;
				CLANG_ANALYZER_NUMBER_OBJECT_CONVERSION = YES_AGGRESSIVE;
				CLANG_CXX_LANGUAGE_STANDARD = "gnu++20";
				CLANG_ENABLE_MODULES = YES;
				CLANG_ENABLE_OBJC_ARC = YES;
				CLANG_ENABLE_OBJC_WEAK = YES;
				CLANG_WARN_BLOCK_CAPTURE_AUTORELEASING = YES;
				CLANG_WARN_BOOL_CONVERSION = YES;
				CLANG_WARN_COMMA = YES;
				CLANG_WARN_CONSTANT_CONVERSION = YES;
				CLANG_WARN_DEPRECATED_OBJC_IMPLEMENTATIONS = YES;
				CLANG_WARN_DIRECT_OBJC_ISA_USAGE = YES_ERROR;
				CLANG_WARN_DOCUMENTATION_COMMENTS = YES;
				CLANG_WARN_EMPTY_BODY = YES;
				CLANG_WARN_ENUM_CONVERSION = YES;
				CLANG_WARN_INFINITE_RECURSION = YES;
				CLANG_WARN_INT_CONVERSION = YES;
				CLANG_WARN_NON_LITERAL_NULL_CONVERSION = YES;
				CLANG_WARN_OBJC_IMPLICIT_RETAIN_SELF = YES;
				CLANG_WARN_OBJC_LITERAL_CONVERSION = YES;
				CLANG_WARN_OBJC_ROOT_CLASS = YES_ERROR;
				CLANG_WARN_QUOTED_INCLUDE_IN_FRAMEWORK_HEADER = YES;
				CLANG_WARN_RANGE_LOOP_ANALYSIS = YES;
				CLANG_WARN_STRICT_PROTOTYPES = YES;
				CLANG_WARN_SUSPICIOUS_MOVE = YES;
				CLANG_WARN_UNGUARDED_AVAILABILITY = YES_AGGRESSIVE;
				CLANG_WARN_UNREACHABLE_CODE = YES;
				CLANG_WARN__DUPLICATE_METHOD_MATCH = YES;
				COPY_PHASE_STRIP = NO;
				DEBUG_INFORMATION_FORMAT = dwarf;
				ENABLE_STRICT_OBJC_MSGSEND = YES;
				ENABLE_TESTABILITY = YES;
				ENABLE_USER_SCRIPT_SANDBOXING = YES;
				GCC_C_LANGUAGE_STANDARD = gnu17;
				GCC_DYNAMIC_NO_PIC = NO;
				GCC_NO_COMMON_BLOCKS = YES;
				GCC_OPTIMIZATION_LEVEL = 0;
				GCC_PREPROCESSOR_DEFINITIONS = (
					"DEBUG=1",
					"$(inherited)",
				);
				GCC_WARN_64_TO_32_BIT_CONVERSION = YES;
				GCC_WARN_ABOUT_RETURN_TYPE = YES_ERROR;
				GCC_WARN_UNDECLARED_SELECTOR = YES;
				GCC_WARN_UNINITIALIZED_AUTOS = YES_AGGRESSIVE;
				GCC_WARN_UNUSED_FUNCTION = YES;
				GCC_WARN_UNUSED_VARIABLE = YES;
				IPHONEOS_DEPLOYMENT_TARGET = 17.4;
				LOCALIZATION_PREFERS_STRING_CATALOGS = YES;
				MTL_ENABLE_DEBUG_INFO = INCLUDE_SOURCE;
				MTL_FAST_MATH = YES;
				ONLY_ACTIVE_ARCH = YES;
				SDKROOT = iphoneos;
				SWIFT_ACTIVE_COMPILATION_CONDITIONS = "DEBUG $(inherited)";
				SWIFT_OPTIMIZATION_LEVEL = "-Onone";
			};
			name = Debug;
		};
		A7528E152BA141FD0020C92E /* Release */ = {
			isa = XCBuildConfiguration;
			buildSettings = {
				ALWAYS_SEARCH_USER_PATHS = NO;
				ASSETCATALOG_COMPILER_GENERATE_SWIFT_ASSET_SYMBOL_EXTENSIONS = YES;
				CLANG_ANALYZER_NONNULL = YES;
				CLANG_ANALYZER_NUMBER_OBJECT_CONVERSION = YES_AGGRESSIVE;
				CLANG_CXX_LANGUAGE_STANDARD = "gnu++20";
				CLANG_ENABLE_MODULES = YES;
				CLANG_ENABLE_OBJC_ARC = YES;
				CLANG_ENABLE_OBJC_WEAK = YES;
				CLANG_WARN_BLOCK_CAPTURE_AUTORELEASING = YES;
				CLANG_WARN_BOOL_CONVERSION = YES;
				CLANG_WARN_COMMA = YES;
				CLANG_WARN_CONSTANT_CONVERSION = YES;
				CLANG_WARN_DEPRECATED_OBJC_IMPLEMENTATIONS = YES;
				CLANG_WARN_DIRECT_OBJC_ISA_USAGE = YES_ERROR;
				CLANG_WARN_DOCUMENTATION_COMMENTS = YES;
				CLANG_WARN_EMPTY_BODY = YES;
				CLANG_WARN_ENUM_CONVERSION = YES;
				CLANG_WARN_INFINITE_RECURSION = YES;
				CLANG_WARN_INT_CONVERSION = YES;
				CLANG_WARN_NON_LITERAL_NULL_CONVERSION = YES;
				CLANG_WARN_OBJC_IMPLICIT_RETAIN_SELF = YES;
				CLANG_WARN_OBJC_LITERAL_CONVERSION = YES;
				CLANG_WARN_OBJC_ROOT_CLASS = YES_ERROR;
				CLANG_WARN_QUOTED_INCLUDE_IN_FRAMEWORK_HEADER = YES;
				CLANG_WARN_RANGE_LOOP_ANALYSIS = YES;
				CLANG_WARN_STRICT_PROTOTYPES = YES;
				CLANG_WARN_SUSPICIOUS_MOVE = YES;
				CLANG_WARN_UNGUARDED_AVAILABILITY = YES_AGGRESSIVE;
				CLANG_WARN_UNREACHABLE_CODE = YES;
				CLANG_WARN__DUPLICATE_METHOD_MATCH = YES;
				COPY_PHASE_STRIP = NO;
				DEBUG_INFORMATION_FORMAT = "dwarf-with-dsym";
				ENABLE_NS_ASSERTIONS = NO;
				ENABLE_STRICT_OBJC_MSGSEND = YES;
				ENABLE_USER_SCRIPT_SANDBOXING = YES;
				GCC_C_LANGUAGE_STANDARD = gnu17;
				GCC_NO_COMMON_BLOCKS = YES;
				GCC_WARN_64_TO_32_BIT_CONVERSION = YES;
				GCC_WARN_ABOUT_RETURN_TYPE = YES_ERROR;
				GCC_WARN_UNDECLARED_SELECTOR = YES;
				GCC_WARN_UNINITIALIZED_AUTOS = YES_AGGRESSIVE;
				GCC_WARN_UNUSED_FUNCTION = YES;
				GCC_WARN_UNUSED_VARIABLE = YES;
				IPHONEOS_DEPLOYMENT_TARGET = 17.4;
				LOCALIZATION_PREFERS_STRING_CATALOGS = YES;
				MTL_ENABLE_DEBUG_INFO = NO;
				MTL_FAST_MATH = YES;
				SDKROOT = iphoneos;
				SWIFT_COMPILATION_MODE = wholemodule;
				VALIDATE_PRODUCT = YES;
			};
			name = Release;
		};
		A7528E172BA141FD0020C92E /* Debug */ = {
			isa = XCBuildConfiguration;
			buildSettings = {
				ASSETCATALOG_COMPILER_APPICON_NAME = AppIcon;
				ASSETCATALOG_COMPILER_GLOBAL_ACCENT_COLOR_NAME = AccentColor;
				CODE_SIGN_STYLE = Automatic;
				CURRENT_PROJECT_VERSION = 1;
				DEVELOPMENT_ASSET_PATHS = "\"Landmarks/Preview Content\"";
				ENABLE_PREVIEWS = YES;
				GENERATE_INFOPLIST_FILE = YES;
				INFOPLIST_KEY_UIApplicationSceneManifest_Generation = YES;
				INFOPLIST_KEY_UIApplicationSupportsIndirectInputEvents = YES;
				INFOPLIST_KEY_UILaunchScreen_Generation = YES;
				INFOPLIST_KEY_UISupportedInterfaceOrientations_iPad = "UIInterfaceOrientationPortrait UIInterfaceOrientationPortraitUpsideDown UIInterfaceOrientationLandscapeLeft UIInterfaceOrientationLandscapeRight";
				INFOPLIST_KEY_UISupportedInterfaceOrientations_iPhone = "UIInterfaceOrientationPortrait UIInterfaceOrientationLandscapeLeft UIInterfaceOrientationLandscapeRight";
				LD_RUNPATH_SEARCH_PATHS = (
					"$(inherited)",
					"@executable_path/Frameworks",
				);
				MARKETING_VERSION = 1.0;
				PRODUCT_BUNDLE_IDENTIFIER = com.vbrdnk.Landmarks;
				PRODUCT_NAME = "$(TARGET_NAME)";
				SWIFT_EMIT_LOC_STRINGS = YES;
				SWIFT_VERSION = 5.0;
				TARGETED_DEVICE_FAMILY = "1,2";
			};
			name = Debug;
		};
		A7528E182BA141FD0020C92E /* Release */ = {
			isa = XCBuildConfiguration;
			buildSettings = {
				ASSETCATALOG_COMPILER_APPICON_NAME = AppIcon;
				ASSETCATALOG_COMPILER_GLOBAL_ACCENT_COLOR_NAME = AccentColor;
				CODE_SIGN_STYLE = Automatic;
				CURRENT_PROJECT_VERSION = 1;
				DEVELOPMENT_ASSET_PATHS = "\"Landmarks/Preview Content\"";
				ENABLE_PREVIEWS = YES;
				GENERATE_INFOPLIST_FILE = YES;
				INFOPLIST_KEY_UIApplicationSceneManifest_Generation = YES;
				INFOPLIST_KEY_UIApplicationSupportsIndirectInputEvents = YES;
				INFOPLIST_KEY_UILaunchScreen_Generation = YES;
				INFOPLIST_KEY_UISupportedInterfaceOrientations_iPad = "UIInterfaceOrientationPortrait UIInterfaceOrientationPortraitUpsideDown UIInterfaceOrientationLandscapeLeft UIInterfaceOrientationLandscapeRight";
				INFOPLIST_KEY_UISupportedInterfaceOrientations_iPhone = "UIInterfaceOrientationPortrait UIInterfaceOrientationLandscapeLeft UIInterfaceOrientationLandscapeRight";
				LD_RUNPATH_SEARCH_PATHS = (
					"$(inherited)",
					"@executable_path/Frameworks",
				);
				MARKETING_VERSION = 1.0;
				PRODUCT_BUNDLE_IDENTIFIER = com.vbrdnk.Landmarks;
				PRODUCT_NAME = "$(TARGET_NAME)";
				SWIFT_EMIT_LOC_STRINGS = YES;
				SWIFT_VERSION = 5.0;
				TARGETED_DEVICE_FAMILY = "1,2";
			};
			name = Release;
		};
/* End XCBuildConfiguration section */

/* Begin XCConfigurationList section */
		A7528E032BA141FC0020C92E /* Build configuration list for PBXProject "Landmarks" */ = {
			isa = XCConfigurationList;
			buildConfigurations = (
				A7528E142BA141FD0020C92E /* Debug */,
				A7528E152BA141FD0020C92E /* Release */,
			);
			defaultConfigurationIsVisible = 0;
			defaultConfigurationName = Release;
		};
		A7528E162BA141FD0020C92E /* Build configuration list for PBXNativeTarget "Landmarks" */ = {
			isa = XCConfigurationList;
			buildConfigurations = (
				A7528E172BA141FD0020C92E /* Debug */,
				A7528E182BA141FD0020C92E /* Release */,
			);
			defaultConfigurationIsVisible = 0;
			defaultConfigurationName = Release;
		};
/* End XCConfigurationList section */
	};
	rootObject = A7528E002BA141FC0020C92E /* Project object */;
}
