// !$*UTF8*$!
{
	archiveVersion = 1;
	classes = {
	};
	objectVersion = 56;
	objects = {

/* Begin PBXBuildFile section */
		11330F8F2BA3902F00DEEEA3 /* FavoriteButton.swift in Sources */ = {isa = PBXBuildFile; fileRef = 11330F8E2BA3902F00DEEEA3 /* FavoriteButton.swift */; };
		11330F932BA3945D00DEEEA3 /* HexagonParameters.swift in Sources */ = {isa = PBXBuildFile; fileRef = 11330F922BA3945D00DEEEA3 /* HexagonParameters.swift */; };
		11330F952BA3951F00DEEEA3 /* BadgeBackground.swift in Sources */ = {isa = PBXBuildFile; fileRef = 11330F942BA3951F00DEEEA3 /* BadgeBackground.swift */; };
		11330F972BA398D300DEEEA3 /* BadgeSymbol.swift in Sources */ = {isa = PBXBuildFile; fileRef = 11330F962BA398D300DEEEA3 /* BadgeSymbol.swift */; };
		11330F992BA3998000DEEEA3 /* RotatedBadgeSymbol.swift in Sources */ = {isa = PBXBuildFile; fileRef = 11330F982BA3998000DEEEA3 /* RotatedBadgeSymbol.swift */; };
		11330F9B2BA399EE00DEEEA3 /* Badge.swift in Sources */ = {isa = PBXBuildFile; fileRef = 11330F9A2BA399EE00DEEEA3 /* Badge.swift */; };
		11330F9E2BA39CA800DEEEA3 /* hikeData.json in Resources */ = {isa = PBXBuildFile; fileRef = 11330F9D2BA39CA800DEEEA3 /* hikeData.json */; };
		11330FA02BA39CBF00DEEEA3 /* Hike.swift in Sources */ = {isa = PBXBuildFile; fileRef = 11330F9F2BA39CBF00DEEEA3 /* Hike.swift */; };
		11330FA62BA39DC500DEEEA3 /* GraphCapsule.swift in Sources */ = {isa = PBXBuildFile; fileRef = 11330FA12BA39DC500DEEEA3 /* GraphCapsule.swift */; };
		11330FA72BA39DC500DEEEA3 /* HikeDetail.swift in Sources */ = {isa = PBXBuildFile; fileRef = 11330FA22BA39DC500DEEEA3 /* HikeDetail.swift */; };
		11330FA82BA39DC500DEEEA3 /* HikeGraph.swift in Sources */ = {isa = PBXBuildFile; fileRef = 11330FA32BA39DC500DEEEA3 /* HikeGraph.swift */; };
		11330FA92BA39DC500DEEEA3 /* HikeView.swift in Sources */ = {isa = PBXBuildFile; fileRef = 11330FA42BA39DC500DEEEA3 /* HikeView.swift */; };
		11330FAC2BA3A13C00DEEEA3 /* CategoryHome.swift in Sources */ = {isa = PBXBuildFile; fileRef = 11330FAB2BA3A13C00DEEEA3 /* CategoryHome.swift */; };
		11330FAE2BA3A30B00DEEEA3 /* CategoryRow.swift in Sources */ = {isa = PBXBuildFile; fileRef = 11330FAD2BA3A30B00DEEEA3 /* CategoryRow.swift */; };
		11330FB02BA3A41800DEEEA3 /* CategoryItem.swift in Sources */ = {isa = PBXBuildFile; fileRef = 11330FAF2BA3A41800DEEEA3 /* CategoryItem.swift */; };
		11330FB22BA3A83A00DEEEA3 /* Profile.swift in Sources */ = {isa = PBXBuildFile; fileRef = 11330FB12BA3A83A00DEEEA3 /* Profile.swift */; };
		11330FB52BA3A8EB00DEEEA3 /* ProfileHost.swift in Sources */ = {isa = PBXBuildFile; fileRef = 11330FB42BA3A8EB00DEEEA3 /* ProfileHost.swift */; };
		11330FB72BA3A94000DEEEA3 /* ProfileSummary.swift in Sources */ = {isa = PBXBuildFile; fileRef = 11330FB62BA3A94000DEEEA3 /* ProfileSummary.swift */; };
		11330FB92BA3AAA700DEEEA3 /* HikeBadge.swift in Sources */ = {isa = PBXBuildFile; fileRef = 11330FB82BA3AAA700DEEEA3 /* HikeBadge.swift */; };
		11330FBB2BA3AE5C00DEEEA3 /* ProfileEditor.swift in Sources */ = {isa = PBXBuildFile; fileRef = 11330FBA2BA3AE5C00DEEEA3 /* ProfileEditor.swift */; };
		11330FBE2BA3B34700DEEEA3 /* PageViewController.swift in Sources */ = {isa = PBXBuildFile; fileRef = 11330FBD2BA3B34700DEEEA3 /* PageViewController.swift */; };
		11330FC02BA3B4CC00DEEEA3 /* FeaturedCard.swift in Sources */ = {isa = PBXBuildFile; fileRef = 11330FBF2BA3B4CC00DEEEA3 /* FeaturedCard.swift */; };
		11330FC22BA3B68600DEEEA3 /* PageView.swift in Sources */ = {isa = PBXBuildFile; fileRef = 11330FC12BA3B68600DEEEA3 /* PageView.swift */; };
		11330FC42BA3BA0300DEEEA3 /* PageControl.swift in Sources */ = {isa = PBXBuildFile; fileRef = 11330FC32BA3BA0300DEEEA3 /* PageControl.swift */; };
		11BEBD832BA4F0F5009AE691 /* ContentView.swift in Sources */ = {isa = PBXBuildFile; fileRef = 11BEBD822BA4F0F5009AE691 /* ContentView.swift */; };
		11BEBD852BA4F0F6009AE691 /* Assets.xcassets in Resources */ = {isa = PBXBuildFile; fileRef = 11BEBD842BA4F0F6009AE691 /* Assets.xcassets */; };
		11BEBD882BA4F0F6009AE691 /* Preview Assets.xcassets in Resources */ = {isa = PBXBuildFile; fileRef = 11BEBD872BA4F0F6009AE691 /* Preview Assets.xcassets */; };
		11BEBD8D2BA4F1F6009AE691 /* landmarkData.json in Resources */ = {isa = PBXBuildFile; fileRef = A7528E1D2BA149E30020C92E /* landmarkData.json */; };
		11BEBD8E2BA4F1F6009AE691 /* hikeData.json in Resources */ = {isa = PBXBuildFile; fileRef = 11330F9D2BA39CA800DEEEA3 /* hikeData.json */; };
		11BEBD8F2BA4F1F6009AE691 /* MapView.swift in Sources */ = {isa = PBXBuildFile; fileRef = A7528E1B2BA146A60020C92E /* MapView.swift */; };
		11BEBD902BA4F1F6009AE691 /* LandmarksApp.swift in Sources */ = {isa = PBXBuildFile; fileRef = A7528E0B2BA141FC0020C92E /* LandmarksApp.swift */; };
		11BEBD912BA4F1F6009AE691 /* Landmark.swift in Sources */ = {isa = PBXBuildFile; fileRef = A7528E1F2BA14A0C0020C92E /* Landmark.swift */; };
		11BEBD922BA4F1F6009AE691 /* Hike.swift in Sources */ = {isa = PBXBuildFile; fileRef = 11330F9F2BA39CBF00DEEEA3 /* Hike.swift */; };
		11BEBD932BA4F1F6009AE691 /* FavoriteButton.swift in Sources */ = {isa = PBXBuildFile; fileRef = 11330F8E2BA3902F00DEEEA3 /* FavoriteButton.swift */; };
		11BEBD942BA4F1F6009AE691 /* CircleImage.swift in Sources */ = {isa = PBXBuildFile; fileRef = A7528E192BA145DF0020C92E /* CircleImage.swift */; };
		11BEBD952BA4F1F6009AE691 /* LandmarkList.swift in Sources */ = {isa = PBXBuildFile; fileRef = A7528E3E2BA155630020C92E /* LandmarkList.swift */; };
		11BEBD962BA4F1F6009AE691 /* ModelData.swift in Sources */ = {isa = PBXBuildFile; fileRef = A7528E372BA14BA60020C92E /* ModelData.swift */; };
		11BEBD972BA4F1F6009AE691 /* Profile.swift in Sources */ = {isa = PBXBuildFile; fileRef = 11330FB12BA3A83A00DEEEA3 /* Profile.swift */; };
		11BEBD982BA4F1F6009AE691 /* LandmarkRow.swift in Sources */ = {isa = PBXBuildFile; fileRef = A7528E3C2BA14D8E0020C92E /* LandmarkRow.swift */; };
		11BEBD9A2BA4F396009AE691 /* LandmarkDetail.swift in Sources */ = {isa = PBXBuildFile; fileRef = 11BEBD992BA4F396009AE691 /* LandmarkDetail.swift */; };
		11BEBD9C2BA4FAF8009AE691 /* LandmarkCommands.swift in Sources */ = {isa = PBXBuildFile; fileRef = 11BEBD9B2BA4FAF8009AE691 /* LandmarkCommands.swift */; };
		11BEBD9D2BA4FAF8009AE691 /* LandmarkCommands.swift in Sources */ = {isa = PBXBuildFile; fileRef = 11BEBD9B2BA4FAF8009AE691 /* LandmarkCommands.swift */; };
		11BEBD9F2BA4FEB4009AE691 /* LandmarkSettings.swift in Sources */ = {isa = PBXBuildFile; fileRef = 11BEBD9E2BA4FEB4009AE691 /* LandmarkSettings.swift */; };
		11BEBDA02BA501D1009AE691 /* Assets.xcassets in Resources */ = {isa = PBXBuildFile; fileRef = A7528E0F2BA141FD0020C92E /* Assets.xcassets */; };
		A7528E0C2BA141FC0020C92E /* LandmarksApp.swift in Sources */ = {isa = PBXBuildFile; fileRef = A7528E0B2BA141FC0020C92E /* LandmarksApp.swift */; };
		A7528E0E2BA141FC0020C92E /* ContentView.swift in Sources */ = {isa = PBXBuildFile; fileRef = A7528E0D2BA141FC0020C92E /* ContentView.swift */; };
		A7528E102BA141FD0020C92E /* Assets.xcassets in Resources */ = {isa = PBXBuildFile; fileRef = A7528E0F2BA141FD0020C92E /* Assets.xcassets */; };
		A7528E132BA141FD0020C92E /* Preview Assets.xcassets in Resources */ = {isa = PBXBuildFile; fileRef = A7528E122BA141FD0020C92E /* Preview Assets.xcassets */; };
		A7528E1A2BA145DF0020C92E /* CircleImage.swift in Sources */ = {isa = PBXBuildFile; fileRef = A7528E192BA145DF0020C92E /* CircleImage.swift */; };
		A7528E1C2BA146A60020C92E /* MapView.swift in Sources */ = {isa = PBXBuildFile; fileRef = A7528E1B2BA146A60020C92E /* MapView.swift */; };
		A7528E1E2BA149E30020C92E /* landmarkData.json in Resources */ = {isa = PBXBuildFile; fileRef = A7528E1D2BA149E30020C92E /* landmarkData.json */; };
		A7528E202BA14A0C0020C92E /* Landmark.swift in Sources */ = {isa = PBXBuildFile; fileRef = A7528E1F2BA14A0C0020C92E /* Landmark.swift */; };
		A7528E382BA14BA60020C92E /* ModelData.swift in Sources */ = {isa = PBXBuildFile; fileRef = A7528E372BA14BA60020C92E /* ModelData.swift */; };
		A7528E3D2BA14D8E0020C92E /* LandmarkRow.swift in Sources */ = {isa = PBXBuildFile; fileRef = A7528E3C2BA14D8E0020C92E /* LandmarkRow.swift */; };
		A7528E3F2BA155630020C92E /* LandmarkList.swift in Sources */ = {isa = PBXBuildFile; fileRef = A7528E3E2BA155630020C92E /* LandmarkList.swift */; };
		A7528E412BA156670020C92E /* LandmarkDetail.swift in Sources */ = {isa = PBXBuildFile; fileRef = A7528E402BA156670020C92E /* LandmarkDetail.swift */; };
/* End PBXBuildFile section */

/* Begin PBXFileReference section */
		11330F8E2BA3902F00DEEEA3 /* FavoriteButton.swift */ = {isa = PBXFileReference; lastKnownFileType = sourcecode.swift; path = FavoriteButton.swift; sourceTree = "<group>"; };
		11330F922BA3945D00DEEEA3 /* HexagonParameters.swift */ = {isa = PBXFileReference; lastKnownFileType = sourcecode.swift; path = HexagonParameters.swift; sourceTree = "<group>"; };
		11330F942BA3951F00DEEEA3 /* BadgeBackground.swift */ = {isa = PBXFileReference; lastKnownFileType = sourcecode.swift; path = BadgeBackground.swift; sourceTree = "<group>"; };
		11330F962BA398D300DEEEA3 /* BadgeSymbol.swift */ = {isa = PBXFileReference; lastKnownFileType = sourcecode.swift; path = BadgeSymbol.swift; sourceTree = "<group>"; };
		11330F982BA3998000DEEEA3 /* RotatedBadgeSymbol.swift */ = {isa = PBXFileReference; lastKnownFileType = sourcecode.swift; path = RotatedBadgeSymbol.swift; sourceTree = "<group>"; };
		11330F9A2BA399EE00DEEEA3 /* Badge.swift */ = {isa = PBXFileReference; lastKnownFileType = sourcecode.swift; path = Badge.swift; sourceTree = "<group>"; };
		11330F9D2BA39CA800DEEEA3 /* hikeData.json */ = {isa = PBXFileReference; fileEncoding = 4; lastKnownFileType = text.json; path = hikeData.json; sourceTree = "<group>"; };
		11330F9F2BA39CBF00DEEEA3 /* Hike.swift */ = {isa = PBXFileReference; lastKnownFileType = sourcecode.swift; path = Hike.swift; sourceTree = "<group>"; };
		11330FA12BA39DC500DEEEA3 /* GraphCapsule.swift */ = {isa = PBXFileReference; fileEncoding = 4; lastKnownFileType = sourcecode.swift; path = GraphCapsule.swift; sourceTree = "<group>"; };
		11330FA22BA39DC500DEEEA3 /* HikeDetail.swift */ = {isa = PBXFileReference; fileEncoding = 4; lastKnownFileType = sourcecode.swift; path = HikeDetail.swift; sourceTree = "<group>"; };
		11330FA32BA39DC500DEEEA3 /* HikeGraph.swift */ = {isa = PBXFileReference; fileEncoding = 4; lastKnownFileType = sourcecode.swift; path = HikeGraph.swift; sourceTree = "<group>"; };
		11330FA42BA39DC500DEEEA3 /* HikeView.swift */ = {isa = PBXFileReference; fileEncoding = 4; lastKnownFileType = sourcecode.swift; path = HikeView.swift; sourceTree = "<group>"; };
		11330FAB2BA3A13C00DEEEA3 /* CategoryHome.swift */ = {isa = PBXFileReference; lastKnownFileType = sourcecode.swift; path = CategoryHome.swift; sourceTree = "<group>"; };
		11330FAD2BA3A30B00DEEEA3 /* CategoryRow.swift */ = {isa = PBXFileReference; lastKnownFileType = sourcecode.swift; path = CategoryRow.swift; sourceTree = "<group>"; };
		11330FAF2BA3A41800DEEEA3 /* CategoryItem.swift */ = {isa = PBXFileReference; lastKnownFileType = sourcecode.swift; path = CategoryItem.swift; sourceTree = "<group>"; };
		11330FB12BA3A83A00DEEEA3 /* Profile.swift */ = {isa = PBXFileReference; lastKnownFileType = sourcecode.swift; path = Profile.swift; sourceTree = "<group>"; };
		11330FB42BA3A8EB00DEEEA3 /* ProfileHost.swift */ = {isa = PBXFileReference; lastKnownFileType = sourcecode.swift; path = ProfileHost.swift; sourceTree = "<group>"; };
		11330FB62BA3A94000DEEEA3 /* ProfileSummary.swift */ = {isa = PBXFileReference; lastKnownFileType = sourcecode.swift; path = ProfileSummary.swift; sourceTree = "<group>"; };
		11330FB82BA3AAA700DEEEA3 /* HikeBadge.swift */ = {isa = PBXFileReference; lastKnownFileType = sourcecode.swift; path = HikeBadge.swift; sourceTree = "<group>"; };
		11330FBA2BA3AE5C00DEEEA3 /* ProfileEditor.swift */ = {isa = PBXFileReference; lastKnownFileType = sourcecode.swift; path = ProfileEditor.swift; sourceTree = "<group>"; };
		11330FBD2BA3B34700DEEEA3 /* PageViewController.swift */ = {isa = PBXFileReference; lastKnownFileType = sourcecode.swift; path = PageViewController.swift; sourceTree = "<group>"; };
		11330FBF2BA3B4CC00DEEEA3 /* FeaturedCard.swift */ = {isa = PBXFileReference; lastKnownFileType = sourcecode.swift; path = FeaturedCard.swift; sourceTree = "<group>"; };
		11330FC12BA3B68600DEEEA3 /* PageView.swift */ = {isa = PBXFileReference; lastKnownFileType = sourcecode.swift; path = PageView.swift; sourceTree = "<group>"; };
		11330FC32BA3BA0300DEEEA3 /* PageControl.swift */ = {isa = PBXFileReference; lastKnownFileType = sourcecode.swift; path = PageControl.swift; sourceTree = "<group>"; };
		11BEBD7E2BA4F0F5009AE691 /* MacLandmarks.app */ = {isa = PBXFileReference; explicitFileType = wrapper.application; includeInIndex = 0; path = MacLandmarks.app; sourceTree = BUILT_PRODUCTS_DIR; };
		11BEBD822BA4F0F5009AE691 /* ContentView.swift */ = {isa = PBXFileReference; lastKnownFileType = sourcecode.swift; path = ContentView.swift; sourceTree = "<group>"; };
		11BEBD842BA4F0F6009AE691 /* Assets.xcassets */ = {isa = PBXFileReference; lastKnownFileType = folder.assetcatalog; path = Assets.xcassets; sourceTree = "<group>"; };
		11BEBD872BA4F0F6009AE691 /* Preview Assets.xcassets */ = {isa = PBXFileReference; lastKnownFileType = folder.assetcatalog; path = "Preview Assets.xcassets"; sourceTree = "<group>"; };
		11BEBD892BA4F0F6009AE691 /* MacLandmarks.entitlements */ = {isa = PBXFileReference; lastKnownFileType = text.plist.entitlements; path = MacLandmarks.entitlements; sourceTree = "<group>"; };
		11BEBD992BA4F396009AE691 /* LandmarkDetail.swift */ = {isa = PBXFileReference; lastKnownFileType = sourcecode.swift; path = LandmarkDetail.swift; sourceTree = "<group>"; };
		11BEBD9B2BA4FAF8009AE691 /* LandmarkCommands.swift */ = {isa = PBXFileReference; lastKnownFileType = sourcecode.swift; path = LandmarkCommands.swift; sourceTree = "<group>"; };
		11BEBD9E2BA4FEB4009AE691 /* LandmarkSettings.swift */ = {isa = PBXFileReference; lastKnownFileType = sourcecode.swift; path = LandmarkSettings.swift; sourceTree = "<group>"; };
		A7528E082BA141FC0020C92E /* Landmarks.app */ = {isa = PBXFileReference; explicitFileType = wrapper.application; includeInIndex = 0; path = Landmarks.app; sourceTree = BUILT_PRODUCTS_DIR; };
		A7528E0B2BA141FC0020C92E /* LandmarksApp.swift */ = {isa = PBXFileReference; lastKnownFileType = sourcecode.swift; path = LandmarksApp.swift; sourceTree = "<group>"; };
		A7528E0D2BA141FC0020C92E /* ContentView.swift */ = {isa = PBXFileReference; lastKnownFileType = sourcecode.swift; path = ContentView.swift; sourceTree = "<group>"; };
		A7528E0F2BA141FD0020C92E /* Assets.xcassets */ = {isa = PBXFileReference; lastKnownFileType = folder.assetcatalog; path = Assets.xcassets; sourceTree = "<group>"; };
		A7528E122BA141FD0020C92E /* Preview Assets.xcassets */ = {isa = PBXFileReference; lastKnownFileType = folder.assetcatalog; path = "Preview Assets.xcassets"; sourceTree = "<group>"; };
		A7528E192BA145DF0020C92E /* CircleImage.swift */ = {isa = PBXFileReference; lastKnownFileType = sourcecode.swift; path = CircleImage.swift; sourceTree = "<group>"; };
		A7528E1B2BA146A60020C92E /* MapView.swift */ = {isa = PBXFileReference; lastKnownFileType = sourcecode.swift; path = MapView.swift; sourceTree = "<group>"; };
		A7528E1D2BA149E30020C92E /* landmarkData.json */ = {isa = PBXFileReference; fileEncoding = 4; lastKnownFileType = text.json; path = landmarkData.json; sourceTree = "<group>"; };
		A7528E1F2BA14A0C0020C92E /* Landmark.swift */ = {isa = PBXFileReference; lastKnownFileType = sourcecode.swift; path = Landmark.swift; sourceTree = "<group>"; };
		A7528E372BA14BA60020C92E /* ModelData.swift */ = {isa = PBXFileReference; lastKnownFileType = sourcecode.swift; path = ModelData.swift; sourceTree = "<group>"; };
		A7528E3C2BA14D8E0020C92E /* LandmarkRow.swift */ = {isa = PBXFileReference; lastKnownFileType = sourcecode.swift; path = LandmarkRow.swift; sourceTree = "<group>"; };
		A7528E3E2BA155630020C92E /* LandmarkList.swift */ = {isa = PBXFileReference; lastKnownFileType = sourcecode.swift; path = LandmarkList.swift; sourceTree = "<group>"; };
		A7528E402BA156670020C92E /* LandmarkDetail.swift */ = {isa = PBXFileReference; lastKnownFileType = sourcecode.swift; path = LandmarkDetail.swift; sourceTree = "<group>"; };
/* End PBXFileReference section */

/* Begin PBXFrameworksBuildPhase section */
		11BEBD7B2BA4F0F5009AE691 /* Frameworks */ = {
			isa = PBXFrameworksBuildPhase;
			buildActionMask = 2147483647;
			files = (
			);
			runOnlyForDeploymentPostprocessing = 0;
		};
		A7528E052BA141FC0020C92E /* Frameworks */ = {
			isa = PBXFrameworksBuildPhase;
			buildActionMask = 2147483647;
			files = (
			);
			runOnlyForDeploymentPostprocessing = 0;
		};
/* End PBXFrameworksBuildPhase section */

/* Begin PBXGroup section */
		11330F902BA390F500DEEEA3 /* Helpers */ = {
			isa = PBXGroup;
			children = (
				A7528E1B2BA146A60020C92E /* MapView.swift */,
				11330F8E2BA3902F00DEEEA3 /* FavoriteButton.swift */,
				A7528E192BA145DF0020C92E /* CircleImage.swift */,
			);
			path = Helpers;
			sourceTree = "<group>";
		};
		11330F912BA3910600DEEEA3 /* Landmarks */ = {
			isa = PBXGroup;
			children = (
				A7528E3C2BA14D8E0020C92E /* LandmarkRow.swift */,
				A7528E3E2BA155630020C92E /* LandmarkList.swift */,
				A7528E402BA156670020C92E /* LandmarkDetail.swift */,
			);
			path = Landmarks;
			sourceTree = "<group>";
		};
		11330F9C2BA39ADD00DEEEA3 /* Badges */ = {
			isa = PBXGroup;
			children = (
				11330F922BA3945D00DEEEA3 /* HexagonParameters.swift */,
				11330F962BA398D300DEEEA3 /* BadgeSymbol.swift */,
				11330F982BA3998000DEEEA3 /* RotatedBadgeSymbol.swift */,
				11330F9A2BA399EE00DEEEA3 /* Badge.swift */,
				11330F942BA3951F00DEEEA3 /* BadgeBackground.swift */,
			);
			path = Badges;
			sourceTree = "<group>";
		};
		11330FA52BA39DC500DEEEA3 /* Hikes */ = {
			isa = PBXGroup;
			children = (
				11330FA12BA39DC500DEEEA3 /* GraphCapsule.swift */,
				11330FA22BA39DC500DEEEA3 /* HikeDetail.swift */,
				11330FA32BA39DC500DEEEA3 /* HikeGraph.swift */,
				11330FA42BA39DC500DEEEA3 /* HikeView.swift */,
				11330FB82BA3AAA700DEEEA3 /* HikeBadge.swift */,
			);
			path = Hikes;
			sourceTree = "<group>";
		};
		11330FAA2BA3A12300DEEEA3 /* Categories */ = {
			isa = PBXGroup;
			children = (
				11330FAB2BA3A13C00DEEEA3 /* CategoryHome.swift */,
				11330FAD2BA3A30B00DEEEA3 /* CategoryRow.swift */,
				11330FAF2BA3A41800DEEEA3 /* CategoryItem.swift */,
			);
			path = Categories;
			sourceTree = "<group>";
		};
		11330FB32BA3A8C200DEEEA3 /* Profiles */ = {
			isa = PBXGroup;
			children = (
				11330FB42BA3A8EB00DEEEA3 /* ProfileHost.swift */,
				11330FB62BA3A94000DEEEA3 /* ProfileSummary.swift */,
				11330FBA2BA3AE5C00DEEEA3 /* ProfileEditor.swift */,
			);
			path = Profiles;
			sourceTree = "<group>";
		};
		11330FBC2BA3B32800DEEEA3 /* PageView */ = {
			isa = PBXGroup;
			children = (
				11330FBD2BA3B34700DEEEA3 /* PageViewController.swift */,
				11330FC12BA3B68600DEEEA3 /* PageView.swift */,
				11330FC32BA3BA0300DEEEA3 /* PageControl.swift */,
			);
			path = PageView;
			sourceTree = "<group>";
		};
		11BEBD7F2BA4F0F5009AE691 /* MacLandmarks */ = {
			isa = PBXGroup;
			children = (
				11BEBD9E2BA4FEB4009AE691 /* LandmarkSettings.swift */,
				11BEBD992BA4F396009AE691 /* LandmarkDetail.swift */,
				11BEBD822BA4F0F5009AE691 /* ContentView.swift */,
				11BEBD842BA4F0F6009AE691 /* Assets.xcassets */,
				11BEBD892BA4F0F6009AE691 /* MacLandmarks.entitlements */,
				11BEBD862BA4F0F6009AE691 /* Preview Content */,
			);
			path = MacLandmarks;
			sourceTree = "<group>";
		};
		11BEBD862BA4F0F6009AE691 /* Preview Content */ = {
			isa = PBXGroup;
			children = (
				11BEBD872BA4F0F6009AE691 /* Preview Assets.xcassets */,
			);
			path = "Preview Content";
			sourceTree = "<group>";
		};
		A7528DFF2BA141FC0020C92E = {
			isa = PBXGroup;
			children = (
				A7528E0A2BA141FC0020C92E /* Landmarks */,
				11BEBD7F2BA4F0F5009AE691 /* MacLandmarks */,
				A7528E092BA141FC0020C92E /* Products */,
			);
			sourceTree = "<group>";
		};
		A7528E092BA141FC0020C92E /* Products */ = {
			isa = PBXGroup;
			children = (
				A7528E082BA141FC0020C92E /* Landmarks.app */,
				11BEBD7E2BA4F0F5009AE691 /* MacLandmarks.app */,
			);
			name = Products;
			sourceTree = "<group>";
		};
		A7528E0A2BA141FC0020C92E /* Landmarks */ = {
			isa = PBXGroup;
			children = (
				A7528E3B2BA14D2B0020C92E /* Model */,
				A7528E3A2BA14D190020C92E /* Resources */,
				A7528E392BA14D000020C92E /* Views */,
				A7528E0B2BA141FC0020C92E /* LandmarksApp.swift */,
				A7528E0F2BA141FD0020C92E /* Assets.xcassets */,
				A7528E112BA141FD0020C92E /* Preview Content */,
				11BEBD9B2BA4FAF8009AE691 /* LandmarkCommands.swift */,
			);
			path = Landmarks;
			sourceTree = "<group>";
		};
		A7528E112BA141FD0020C92E /* Preview Content */ = {
			isa = PBXGroup;
			children = (
				A7528E122BA141FD0020C92E /* Preview Assets.xcassets */,
			);
			path = "Preview Content";
			sourceTree = "<group>";
		};
		A7528E392BA14D000020C92E /* Views */ = {
			isa = PBXGroup;
			children = (
				11330FBC2BA3B32800DEEEA3 /* PageView */,
				11330FB32BA3A8C200DEEEA3 /* Profiles */,
				11330FAA2BA3A12300DEEEA3 /* Categories */,
				11330FA52BA39DC500DEEEA3 /* Hikes */,
				11330F9C2BA39ADD00DEEEA3 /* Badges */,
				11330F912BA3910600DEEEA3 /* Landmarks */,
				11330F902BA390F500DEEEA3 /* Helpers */,
				A7528E0D2BA141FC0020C92E /* ContentView.swift */,
				11330FBF2BA3B4CC00DEEEA3 /* FeaturedCard.swift */,
			);
			path = Views;
			sourceTree = "<group>";
		};
		A7528E3A2BA14D190020C92E /* Resources */ = {
			isa = PBXGroup;
			children = (
				11330F9D2BA39CA800DEEEA3 /* hikeData.json */,
				A7528E1D2BA149E30020C92E /* landmarkData.json */,
			);
			path = Resources;
			sourceTree = "<group>";
		};
		A7528E3B2BA14D2B0020C92E /* Model */ = {
			isa = PBXGroup;
			children = (
				A7528E1F2BA14A0C0020C92E /* Landmark.swift */,
				A7528E372BA14BA60020C92E /* ModelData.swift */,
				11330F9F2BA39CBF00DEEEA3 /* Hike.swift */,
				11330FB12BA3A83A00DEEEA3 /* Profile.swift */,
			);
			path = Model;
			sourceTree = "<group>";
		};
/* End PBXGroup section */

/* Begin PBXNativeTarget section */
		11BEBD7D2BA4F0F5009AE691 /* MacLandmarks */ = {
			isa = PBXNativeTarget;
			buildConfigurationList = 11BEBD8C2BA4F0F6009AE691 /* Build configuration list for PBXNativeTarget "MacLandmarks" */;
			buildPhases = (
				11BEBD7A2BA4F0F5009AE691 /* Sources */,
				11BEBD7B2BA4F0F5009AE691 /* Frameworks */,
				11BEBD7C2BA4F0F5009AE691 /* Resources */,
			);
			buildRules = (
			);
			dependencies = (
			);
			name = MacLandmarks;
			productName = MacLandmarks;
			productReference = 11BEBD7E2BA4F0F5009AE691 /* MacLandmarks.app */;
			productType = "com.apple.product-type.application";
		};
		A7528E072BA141FC0020C92E /* Landmarks */ = {
			isa = PBXNativeTarget;
			buildConfigurationList = A7528E162BA141FD0020C92E /* Build configuration list for PBXNativeTarget "Landmarks" */;
			buildPhases = (
				A7528E042BA141FC0020C92E /* Sources */,
				A7528E052BA141FC0020C92E /* Frameworks */,
				A7528E062BA141FC0020C92E /* Resources */,
			);
			buildRules = (
			);
			dependencies = (
			);
			name = Landmarks;
			productName = Landmarks;
			productReference = A7528E082BA141FC0020C92E /* Landmarks.app */;
			productType = "com.apple.product-type.application";
		};
/* End PBXNativeTarget section */

/* Begin PBXProject section */
		A7528E002BA141FC0020C92E /* Project object */ = {
			isa = PBXProject;
			attributes = {
				BuildIndependentTargetsInParallel = 1;
				LastSwiftUpdateCheck = 1530;
				LastUpgradeCheck = 1530;
				TargetAttributes = {
					11BEBD7D2BA4F0F5009AE691 = {
						CreatedOnToolsVersion = 15.3;
					};
					A7528E072BA141FC0020C92E = {
						CreatedOnToolsVersion = 15.3;
					};
				};
			};
			buildConfigurationList = A7528E032BA141FC0020C92E /* Build configuration list for PBXProject "Landmarks" */;
			compatibilityVersion = "Xcode 14.0";
			developmentRegion = en;
			hasScannedForEncodings = 0;
			knownRegions = (
				en,
				Base,
			);
			mainGroup = A7528DFF2BA141FC0020C92E;
			productRefGroup = A7528E092BA141FC0020C92E /* Products */;
			projectDirPath = "";
			projectRoot = "";
			targets = (
				A7528E072BA141FC0020C92E /* Landmarks */,
				11BEBD7D2BA4F0F5009AE691 /* MacLandmarks */,
			);
		};
/* End PBXProject section */

/* Begin PBXResourcesBuildPhase section */
		11BEBD7C2BA4F0F5009AE691 /* Resources */ = {
			isa = PBXResourcesBuildPhase;
			buildActionMask = 2147483647;
			files = (
				11BEBD8D2BA4F1F6009AE691 /* landmarkData.json in Resources */,
				11BEBD8E2BA4F1F6009AE691 /* hikeData.json in Resources */,
				11BEBD882BA4F0F6009AE691 /* Preview Assets.xcassets in Resources */,
				11BEBD852BA4F0F6009AE691 /* Assets.xcassets in Resources */,
				11BEBDA02BA501D1009AE691 /* Assets.xcassets in Resources */,
			);
			runOnlyForDeploymentPostprocessing = 0;
		};
		A7528E062BA141FC0020C92E /* Resources */ = {
			isa = PBXResourcesBuildPhase;
			buildActionMask = 2147483647;
			files = (
				11330F9E2BA39CA800DEEEA3 /* hikeData.json in Resources */,
				A7528E132BA141FD0020C92E /* Preview Assets.xcassets in Resources */,
				A7528E102BA141FD0020C92E /* Assets.xcassets in Resources */,
				A7528E1E2BA149E30020C92E /* landmarkData.json in Resources */,
			);
			runOnlyForDeploymentPostprocessing = 0;
		};
/* End PBXResourcesBuildPhase section */

/* Begin PBXSourcesBuildPhase section */
		11BEBD7A2BA4F0F5009AE691 /* Sources */ = {
			isa = PBXSourcesBuildPhase;
			buildActionMask = 2147483647;
			files = (
				11BEBD8F2BA4F1F6009AE691 /* MapView.swift in Sources */,
				11BEBD902BA4F1F6009AE691 /* LandmarksApp.swift in Sources */,
				11BEBD9F2BA4FEB4009AE691 /* LandmarkSettings.swift in Sources */,
				11BEBD912BA4F1F6009AE691 /* Landmark.swift in Sources */,
				11BEBD922BA4F1F6009AE691 /* Hike.swift in Sources */,
				11BEBD9D2BA4FAF8009AE691 /* LandmarkCommands.swift in Sources */,
				11BEBD9A2BA4F396009AE691 /* LandmarkDetail.swift in Sources */,
				11BEBD932BA4F1F6009AE691 /* FavoriteButton.swift in Sources */,
				11BEBD942BA4F1F6009AE691 /* CircleImage.swift in Sources */,
				11BEBD952BA4F1F6009AE691 /* LandmarkList.swift in Sources */,
				11BEBD962BA4F1F6009AE691 /* ModelData.swift in Sources */,
				11BEBD972BA4F1F6009AE691 /* Profile.swift in Sources */,
				11BEBD982BA4F1F6009AE691 /* LandmarkRow.swift in Sources */,
				11BEBD832BA4F0F5009AE691 /* ContentView.swift in Sources */,
			);
			runOnlyForDeploymentPostprocessing = 0;
		};
		A7528E042BA141FC0020C92E /* Sources */ = {
			isa = PBXSourcesBuildPhase;
			buildActionMask = 2147483647;
			files = (
				11330FAE2BA3A30B00DEEEA3 /* CategoryRow.swift in Sources */,
				11330FC02BA3B4CC00DEEEA3 /* FeaturedCard.swift in Sources */,
				11BEBD9C2BA4FAF8009AE691 /* LandmarkCommands.swift in Sources */,
				11330FB22BA3A83A00DEEEA3 /* Profile.swift in Sources */,
				A7528E0E2BA141FC0020C92E /* ContentView.swift in Sources */,
				11330FAC2BA3A13C00DEEEA3 /* CategoryHome.swift in Sources */,
				11330F9B2BA399EE00DEEEA3 /* Badge.swift in Sources */,
				A7528E1C2BA146A60020C92E /* MapView.swift in Sources */,
				11330FA62BA39DC500DEEEA3 /* GraphCapsule.swift in Sources */,
				11330FA82BA39DC500DEEEA3 /* HikeGraph.swift in Sources */,
				A7528E412BA156670020C92E /* LandmarkDetail.swift in Sources */,
				11330FC42BA3BA0300DEEEA3 /* PageControl.swift in Sources */,
				11330F8F2BA3902F00DEEEA3 /* FavoriteButton.swift in Sources */,
				11330FB02BA3A41800DEEEA3 /* CategoryItem.swift in Sources */,
				11330F932BA3945D00DEEEA3 /* HexagonParameters.swift in Sources */,
				11330FB72BA3A94000DEEEA3 /* ProfileSummary.swift in Sources */,
				11330FA02BA39CBF00DEEEA3 /* Hike.swift in Sources */,
				11330FB52BA3A8EB00DEEEA3 /* ProfileHost.swift in Sources */,
				11330F992BA3998000DEEEA3 /* RotatedBadgeSymbol.swift in Sources */,
				11330F972BA398D300DEEEA3 /* BadgeSymbol.swift in Sources */,
				11330FC22BA3B68600DEEEA3 /* PageView.swift in Sources */,
				A7528E0C2BA141FC0020C92E /* LandmarksApp.swift in Sources */,
				11330FBB2BA3AE5C00DEEEA3 /* ProfileEditor.swift in Sources */,
				11330FA72BA39DC500DEEEA3 /* HikeDetail.swift in Sources */,
				11330FA92BA39DC500DEEEA3 /* HikeView.swift in Sources */,
				A7528E3F2BA155630020C92E /* LandmarkList.swift in Sources */,
				11330FBE2BA3B34700DEEEA3 /* PageViewController.swift in Sources */,
				11330F952BA3951F00DEEEA3 /* BadgeBackground.swift in Sources */,
				11330FB92BA3AAA700DEEEA3 /* HikeBadge.swift in Sources */,
				A7528E1A2BA145DF0020C92E /* CircleImage.swift in Sources */,
				A7528E202BA14A0C0020C92E /* Landmark.swift in Sources */,
				A7528E3D2BA14D8E0020C92E /* LandmarkRow.swift in Sources */,
				A7528E382BA14BA60020C92E /* ModelData.swift in Sources */,
			);
			runOnlyForDeploymentPostprocessing = 0;
		};
/* End PBXSourcesBuildPhase section */

/* Begin XCBuildConfiguration section */
		11BEBD8A2BA4F0F6009AE691 /* Debug */ = {
			isa = XCBuildConfiguration;
			buildSettings = {
				ASSETCATALOG_COMPILER_APPICON_NAME = AppIcon;
				ASSETCATALOG_COMPILER_GLOBAL_ACCENT_COLOR_NAME = AccentColor;
				CODE_SIGN_ENTITLEMENTS = MacLandmarks/MacLandmarks.entitlements;
				CODE_SIGN_STYLE = Automatic;
				COMBINE_HIDPI_IMAGES = YES;
				CURRENT_PROJECT_VERSION = 1;
				DEVELOPMENT_ASSET_PATHS = "\"MacLandmarks/Preview Content\"";
				DEVELOPMENT_TEAM = VA6Y836262;
				ENABLE_PREVIEWS = YES;
				GENERATE_INFOPLIST_FILE = YES;
				INFOPLIST_KEY_NSHumanReadableCopyright = "";
				LD_RUNPATH_SEARCH_PATHS = (
					"$(inherited)",
					"@executable_path/../Frameworks",
				);
				MACOSX_DEPLOYMENT_TARGET = 14.4;
				MARKETING_VERSION = 1.0;
				PRODUCT_BUNDLE_IDENTIFIER = com.example.MacLandmarks;
				PRODUCT_NAME = "$(TARGET_NAME)";
				SDKROOT = macosx;
				SWIFT_EMIT_LOC_STRINGS = YES;
				SWIFT_VERSION = 5.0;
			};
			name = Debug;
		};
		11BEBD8B2BA4F0F6009AE691 /* Release */ = {
			isa = XCBuildConfiguration;
			buildSettings = {
				ASSETCATALOG_COMPILER_APPICON_NAME = AppIcon;
				ASSETCATALOG_COMPILER_GLOBAL_ACCENT_COLOR_NAME = AccentColor;
				CODE_SIGN_ENTITLEMENTS = MacLandmarks/MacLandmarks.entitlements;
				CODE_SIGN_STYLE = Automatic;
				COMBINE_HIDPI_IMAGES = YES;
				CURRENT_PROJECT_VERSION = 1;
				DEVELOPMENT_ASSET_PATHS = "\"MacLandmarks/Preview Content\"";
				DEVELOPMENT_TEAM = VA6Y836262;
				ENABLE_PREVIEWS = YES;
				GENERATE_INFOPLIST_FILE = YES;
				INFOPLIST_KEY_NSHumanReadableCopyright = "";
				LD_RUNPATH_SEARCH_PATHS = (
					"$(inherited)",
					"@executable_path/../Frameworks",
				);
				MACOSX_DEPLOYMENT_TARGET = 14.4;
				MARKETING_VERSION = 1.0;
				PRODUCT_BUNDLE_IDENTIFIER = com.example.MacLandmarks;
				PRODUCT_NAME = "$(TARGET_NAME)";
				SDKROOT = macosx;
				SWIFT_EMIT_LOC_STRINGS = YES;
				SWIFT_VERSION = 5.0;
			};
			name = Release;
		};
		A7528E142BA141FD0020C92E /* Debug */ = {
			isa = XCBuildConfiguration;
			buildSettings = {
				ALWAYS_SEARCH_USER_PATHS = NO;
				ASSETCATALOG_COMPILER_GENERATE_SWIFT_ASSET_SYMBOL_EXTENSIONS = YES;
				CLANG_ANALYZER_NONNULL = YES;
				CLANG_ANALYZER_NUMBER_OBJECT_CONVERSION = YES_AGGRESSIVE;
				CLANG_CXX_LANGUAGE_STANDARD = "gnu++20";
				CLANG_ENABLE_MODULES = YES;
				CLANG_ENABLE_OBJC_ARC = YES;
				CLANG_ENABLE_OBJC_WEAK = YES;
				CLANG_WARN_BLOCK_CAPTURE_AUTORELEASING = YES;
				CLANG_WARN_BOOL_CONVERSION = YES;
				CLANG_WARN_COMMA = YES;
				CLANG_WARN_CONSTANT_CONVERSION = YES;
				CLANG_WARN_DEPRECATED_OBJC_IMPLEMENTATIONS = YES;
				CLANG_WARN_DIRECT_OBJC_ISA_USAGE = YES_ERROR;
				CLANG_WARN_DOCUMENTATION_COMMENTS = YES;
				CLANG_WARN_EMPTY_BODY = YES;
				CLANG_WARN_ENUM_CONVERSION = YES;
				CLANG_WARN_INFINITE_RECURSION = YES;
				CLANG_WARN_INT_CONVERSION = YES;
				CLANG_WARN_NON_LITERAL_NULL_CONVERSION = YES;
				CLANG_WARN_OBJC_IMPLICIT_RETAIN_SELF = YES;
				CLANG_WARN_OBJC_LITERAL_CONVERSION = YES;
				CLANG_WARN_OBJC_ROOT_CLASS = YES_ERROR;
				CLANG_WARN_QUOTED_INCLUDE_IN_FRAMEWORK_HEADER = YES;
				CLANG_WARN_RANGE_LOOP_ANALYSIS = YES;
				CLANG_WARN_STRICT_PROTOTYPES = YES;
				CLANG_WARN_SUSPICIOUS_MOVE = YES;
				CLANG_WARN_UNGUARDED_AVAILABILITY = YES_AGGRESSIVE;
				CLANG_WARN_UNREACHABLE_CODE = YES;
				CLANG_WARN__DUPLICATE_METHOD_MATCH = YES;
				COPY_PHASE_STRIP = NO;
				DEBUG_INFORMATION_FORMAT = dwarf;
				ENABLE_STRICT_OBJC_MSGSEND = YES;
				ENABLE_TESTABILITY = YES;
				ENABLE_USER_SCRIPT_SANDBOXING = YES;
				GCC_C_LANGUAGE_STANDARD = gnu17;
				GCC_DYNAMIC_NO_PIC = NO;
				GCC_NO_COMMON_BLOCKS = YES;
				GCC_OPTIMIZATION_LEVEL = 0;
				GCC_PREPROCESSOR_DEFINITIONS = (
					"DEBUG=1",
					"$(inherited)",
				);
				GCC_WARN_64_TO_32_BIT_CONVERSION = YES;
				GCC_WARN_ABOUT_RETURN_TYPE = YES_ERROR;
				GCC_WARN_UNDECLARED_SELECTOR = YES;
				GCC_WARN_UNINITIALIZED_AUTOS = YES_AGGRESSIVE;
				GCC_WARN_UNUSED_FUNCTION = YES;
				GCC_WARN_UNUSED_VARIABLE = YES;
				IPHONEOS_DEPLOYMENT_TARGET = 17.4;
				LOCALIZATION_PREFERS_STRING_CATALOGS = YES;
				MTL_ENABLE_DEBUG_INFO = INCLUDE_SOURCE;
				MTL_FAST_MATH = YES;
				ONLY_ACTIVE_ARCH = YES;
				SDKROOT = iphoneos;
				SWIFT_ACTIVE_COMPILATION_CONDITIONS = "DEBUG $(inherited)";
				SWIFT_OPTIMIZATION_LEVEL = "-Onone";
			};
			name = Debug;
		};
		A7528E152BA141FD0020C92E /* Release */ = {
			isa = XCBuildConfiguration;
			buildSettings = {
				ALWAYS_SEARCH_USER_PATHS = NO;
				ASSETCATALOG_COMPILER_GENERATE_SWIFT_ASSET_SYMBOL_EXTENSIONS = YES;
				CLANG_ANALYZER_NONNULL = YES;
				CLANG_ANALYZER_NUMBER_OBJECT_CONVERSION = YES_AGGRESSIVE;
				CLANG_CXX_LANGUAGE_STANDARD = "gnu++20";
				CLANG_ENABLE_MODULES = YES;
				CLANG_ENABLE_OBJC_ARC = YES;
				CLANG_ENABLE_OBJC_WEAK = YES;
				CLANG_WARN_BLOCK_CAPTURE_AUTORELEASING = YES;
				CLANG_WARN_BOOL_CONVERSION = YES;
				CLANG_WARN_COMMA = YES;
				CLANG_WARN_CONSTANT_CONVERSION = YES;
				CLANG_WARN_DEPRECATED_OBJC_IMPLEMENTATIONS = YES;
				CLANG_WARN_DIRECT_OBJC_ISA_USAGE = YES_ERROR;
				CLANG_WARN_DOCUMENTATION_COMMENTS = YES;
				CLANG_WARN_EMPTY_BODY = YES;
				CLANG_WARN_ENUM_CONVERSION = YES;
				CLANG_WARN_INFINITE_RECURSION = YES;
				CLANG_WARN_INT_CONVERSION = YES;
				CLANG_WARN_NON_LITERAL_NULL_CONVERSION = YES;
				CLANG_WARN_OBJC_IMPLICIT_RETAIN_SELF = YES;
				CLANG_WARN_OBJC_LITERAL_CONVERSION = YES;
				CLANG_WARN_OBJC_ROOT_CLASS = YES_ERROR;
				CLANG_WARN_QUOTED_INCLUDE_IN_FRAMEWORK_HEADER = YES;
				CLANG_WARN_RANGE_LOOP_ANALYSIS = YES;
				CLANG_WARN_STRICT_PROTOTYPES = YES;
				CLANG_WARN_SUSPICIOUS_MOVE = YES;
				CLANG_WARN_UNGUARDED_AVAILABILITY = YES_AGGRESSIVE;
				CLANG_WARN_UNREACHABLE_CODE = YES;
				CLANG_WARN__DUPLICATE_METHOD_MATCH = YES;
				COPY_PHASE_STRIP = NO;
				DEBUG_INFORMATION_FORMAT = "dwarf-with-dsym";
				ENABLE_NS_ASSERTIONS = NO;
				ENABLE_STRICT_OBJC_MSGSEND = YES;
				ENABLE_USER_SCRIPT_SANDBOXING = YES;
				GCC_C_LANGUAGE_STANDARD = gnu17;
				GCC_NO_COMMON_BLOCKS = YES;
				GCC_WARN_64_TO_32_BIT_CONVERSION = YES;
				GCC_WARN_ABOUT_RETURN_TYPE = YES_ERROR;
				GCC_WARN_UNDECLARED_SELECTOR = YES;
				GCC_WARN_UNINITIALIZED_AUTOS = YES_AGGRESSIVE;
				GCC_WARN_UNUSED_FUNCTION = YES;
				GCC_WARN_UNUSED_VARIABLE = YES;
				IPHONEOS_DEPLOYMENT_TARGET = 17.4;
				LOCALIZATION_PREFERS_STRING_CATALOGS = YES;
				MTL_ENABLE_DEBUG_INFO = NO;
				MTL_FAST_MATH = YES;
				SDKROOT = iphoneos;
				SWIFT_COMPILATION_MODE = wholemodule;
				VALIDATE_PRODUCT = YES;
			};
			name = Release;
		};
		A7528E172BA141FD0020C92E /* Debug */ = {
			isa = XCBuildConfiguration;
			buildSettings = {
				ASSETCATALOG_COMPILER_APPICON_NAME = AppIcon;
				ASSETCATALOG_COMPILER_GLOBAL_ACCENT_COLOR_NAME = AccentColor;
				CODE_SIGN_STYLE = Automatic;
				CURRENT_PROJECT_VERSION = 1;
				DEVELOPMENT_ASSET_PATHS = "\"Landmarks/Preview Content\"";
				ENABLE_PREVIEWS = YES;
				GENERATE_INFOPLIST_FILE = YES;
				INFOPLIST_KEY_UIApplicationSceneManifest_Generation = YES;
				INFOPLIST_KEY_UIApplicationSupportsIndirectInputEvents = YES;
				INFOPLIST_KEY_UILaunchScreen_Generation = YES;
				INFOPLIST_KEY_UISupportedInterfaceOrientations_iPad = "UIInterfaceOrientationPortrait UIInterfaceOrientationPortraitUpsideDown UIInterfaceOrientationLandscapeLeft UIInterfaceOrientationLandscapeRight";
				INFOPLIST_KEY_UISupportedInterfaceOrientations_iPhone = "UIInterfaceOrientationPortrait UIInterfaceOrientationLandscapeLeft UIInterfaceOrientationLandscapeRight";
				LD_RUNPATH_SEARCH_PATHS = (
					"$(inherited)",
					"@executable_path/Frameworks",
				);
				MARKETING_VERSION = 1.0;
				PRODUCT_BUNDLE_IDENTIFIER = com.vbrdnk.Landmarks;
				PRODUCT_NAME = "$(TARGET_NAME)";
				SWIFT_EMIT_LOC_STRINGS = YES;
				SWIFT_VERSION = 5.0;
				TARGETED_DEVICE_FAMILY = "1,2";
			};
			name = Debug;
		};
		A7528E182BA141FD0020C92E /* Release */ = {
			isa = XCBuildConfiguration;
			buildSettings = {
				ASSETCATALOG_COMPILER_APPICON_NAME = AppIcon;
				ASSETCATALOG_COMPILER_GLOBAL_ACCENT_COLOR_NAME = AccentColor;
				CODE_SIGN_STYLE = Automatic;
				CURRENT_PROJECT_VERSION = 1;
				DEVELOPMENT_ASSET_PATHS = "\"Landmarks/Preview Content\"";
				ENABLE_PREVIEWS = YES;
				GENERATE_INFOPLIST_FILE = YES;
				INFOPLIST_KEY_UIApplicationSceneManifest_Generation = YES;
				INFOPLIST_KEY_UIApplicationSupportsIndirectInputEvents = YES;
				INFOPLIST_KEY_UILaunchScreen_Generation = YES;
				INFOPLIST_KEY_UISupportedInterfaceOrientations_iPad = "UIInterfaceOrientationPortrait UIInterfaceOrientationPortraitUpsideDown UIInterfaceOrientationLandscapeLeft UIInterfaceOrientationLandscapeRight";
				INFOPLIST_KEY_UISupportedInterfaceOrientations_iPhone = "UIInterfaceOrientationPortrait UIInterfaceOrientationLandscapeLeft UIInterfaceOrientationLandscapeRight";
				LD_RUNPATH_SEARCH_PATHS = (
					"$(inherited)",
					"@executable_path/Frameworks",
				);
				MARKETING_VERSION = 1.0;
				PRODUCT_BUNDLE_IDENTIFIER = com.vbrdnk.Landmarks;
				PRODUCT_NAME = "$(TARGET_NAME)";
				SWIFT_EMIT_LOC_STRINGS = YES;
				SWIFT_VERSION = 5.0;
				TARGETED_DEVICE_FAMILY = "1,2";
			};
			name = Release;
		};
/* End XCBuildConfiguration section */

/* Begin XCConfigurationList section */
		11BEBD8C2BA4F0F6009AE691 /* Build configuration list for PBXNativeTarget "MacLandmarks" */ = {
			isa = XCConfigurationList;
			buildConfigurations = (
				11BEBD8A2BA4F0F6009AE691 /* Debug */,
				11BEBD8B2BA4F0F6009AE691 /* Release */,
			);
			defaultConfigurationIsVisible = 0;
			defaultConfigurationName = Release;
		};
		A7528E032BA141FC0020C92E /* Build configuration list for PBXProject "Landmarks" */ = {
			isa = XCConfigurationList;
			buildConfigurations = (
				A7528E142BA141FD0020C92E /* Debug */,
				A7528E152BA141FD0020C92E /* Release */,
			);
			defaultConfigurationIsVisible = 0;
			defaultConfigurationName = Release;
		};
		A7528E162BA141FD0020C92E /* Build configuration list for PBXNativeTarget "Landmarks" */ = {
			isa = XCConfigurationList;
			buildConfigurations = (
				A7528E172BA141FD0020C92E /* Debug */,
				A7528E182BA141FD0020C92E /* Release */,
			);
			defaultConfigurationIsVisible = 0;
			defaultConfigurationName = Release;
		};
/* End XCConfigurationList section */
	};
	rootObject = A7528E002BA141FC0020C92E /* Project object */;
}
